{
  "object": {
    "pins": [
      {
        "package": "Math",
        "repositoryURL": "/Users/BEAN/dn-m/Frameworks/Math",
        "state": {
          "branch": "master",
          "revision": "71c0b24cf8c9475ab5beb486a360909a75c514ad",
          "version": null
        }
      },
      {
        "package": "SWXMLHash",
        "repositoryURL": "/Users/BEAN/SWXMLHash",
        "state": {
          "branch": "master",
          "revision": "5d4d77ed1f96f47a26227fb850a2c18fbcf09a19",
          "version": null
        }
      },
      {
        "package": "Structure",
        "repositoryURL": "/Users/BEAN/dn-m/Frameworks/Structure",
        "state": {
          "branch": "flat",
          "revision": "b8054997ec7ad9685db0a6754bea8149e472f60a",
          "version": null
        }
      }
    ]
  },
  "version": 1
}
