{
  "object": {
    "pins": [
      {
        "package": "Math",
        "repositoryURL": "https://github.com/dn-m/Math",
        "state": {
          "branch": "master",
          "revision": "178a393e367c91b978339fb2dc1df4c49953c5c2",
          "version": null
        }
      },
      {
        "package": "SWXMLHash",
        "repositoryURL": "https://github.com/drmohundro/SWXMLHash",
        "state": {
          "branch": null,
          "revision": "3959d0799b045b423680d3c99c8359b8dfe288a5",
          "version": "4.1.1"
        }
      },
      {
        "package": "Structure",
        "repositoryURL": "https://github.com/dn-m/Structure",
        "state": {
          "branch": "master",
          "revision": "7ff248ef8d5f622852b686a01a9473c1e46ff5e2",
          "version": null
        }
      }
    ]
  },
  "version": 1
}
